
Microsoft Visual Studio Solution File, Format Version 12.00
# Visual Studio Version 16
VisualStudioVersion = 16.0.29411.108
MinimumVisualStudioVersion = 10.0.40219.1
Project("{FAE04EC0-301F-11D3-BF4B-00C04F79EFBC}") = "BaseOfData", "BaseOfData\BaseOfData.csproj", "{6A4244C1-39F7-4032-8699-3AD5B6EACF9A}"
EndProject
Global
	GlobalSection(SolutionConfigurationPlatforms) = preSolution
		Debug|Any CPU = Debug|Any CPU
		Release|Any CPU = Release|Any CPU
	EndGlobalSection
	GlobalSection(ProjectConfigurationPlatforms) = postSolution
		{6A4244C1-39F7-4032-8699-3AD5B6EACF9A}.Debug|Any CPU.ActiveCfg = Debug|Any CPU
		{6A4244C1-39F7-4032-8699-3AD5B6EACF9A}.Debug|Any CPU.Build.0 = Debug|Any CPU
		{6A4244C1-39F7-4032-8699-3AD5B6EACF9A}.Release|Any CPU.ActiveCfg = Release|Any CPU
		{6A4244C1-39F7-4032-8699-3AD5B6EACF9A}.Release|Any CPU.Build.0 = Release|Any CPU
	EndGlobalSection
	GlobalSection(SolutionProperties) = preSolution
		HideSolutionNode = FALSE
	EndGlobalSection
	GlobalSection(ExtensibilityGlobals) = postSolution
		SolutionGuid = {772D13FD-F645-4EE1-AF43-0C112CC2BDA4}
	EndGlobalSection
EndGlobal
